DEPENDENCIES
  rosstimson-base
    git: git://github.com/rosstimson/chef-rosstimson-base.git
    revision: 40bbcf128d31fce7de1532087383f4fca149f367
  rosstimson-vim
    git: git://github.com/rosstimson/chef-rosstimson-vim.git
    revision: b1fc5953d822a4b239f2fa348dfd6cf94c3f67f2
  rosstimson-workstation
    path: .
    metadata: true

GRAPH
  build-essential (2.0.4)
  chef_handler (1.1.6)
  dmg (2.2.0)
  git (4.0.2)
    build-essential (>= 0.0.0)
    dmg (>= 0.0.0)
    runit (>= 1.0.0)
    windows (>= 0.0.0)
    yum (~> 3.0)
    yum-epel (>= 0.0.0)
  mercurial (2.0.4)
    build-essential (>= 0.0.0)
    python (>= 0.0.0)
    windows (>= 0.0.0)
  python (1.4.6)
    build-essential (>= 0.0.0)
    yum-epel (>= 0.0.0)
  rosstimson-base (0.1.0)
    build-essential (>= 0.0.0)
    git (>= 0.0.0)
    tmux (>= 0.0.0)
    zsh (>= 0.0.0)
  rosstimson-vim (0.1.0)
    build-essential (>= 0.0.0)
    mercurial (>= 0.0.0)
    python (>= 0.0.0)
  rosstimson-workstation (0.1.0)
    rosstimson-base (>= 0.0.0)
    rosstimson-vim (>= 0.0.0)
  runit (1.5.10)
    build-essential (>= 0.0.0)
    yum (~> 3.0)
    yum-epel (>= 0.0.0)
  tmux (1.4.0)
  windows (1.34.0)
    chef_handler (>= 0.0.0)
  yum (3.2.2)
  yum-epel (0.4.0)
    yum (~> 3.0)
  zsh (1.0.0)
